<?xml version="1.0" encoding="utf-8"?>
<Project ToolsVersion="4.0" xmlns="http://schemas.microsoft.com/developer/msbuild/2003">
  <ItemGroup>
    <Filter Include="Source Files">
      <UniqueIdentifier>{4FC737F1-C7A5-4376-A066-2A32D752A2FF}</UniqueIdentifier>
      <Extensions>cpp;c;cc;cxx;def;odl;idl;hpj;bat;asm;asmx</Extensions>
    </Filter>
    <Filter Include="Header Files">
      <UniqueIdentifier>{93995380-89BD-4b04-88EB-625FBE52EBFB}</UniqueIdentifier>
      <Extensions>h;hh;hpp;hxx;hm;inl;inc;xsd</Extensions>
    </Filter>
    <Filter Include="Resource Files">
      <UniqueIdentifier>{67DA6AB6-F800-4c08-8B7A-83BB121AAD01}</UniqueIdentifier>
      <Extensions>rc;ico;cur;bmp;dlg;rc2;rct;bin;rgs;gif;jpg;jpeg;jpe;resx;tiff;tif;png;wav;mfcribbon-ms</Extensions>
    </Filter>
  </ItemGroup>
  <ItemGroup>
    <ClCompile Include="MyForm.cpp">
      <Filter>Source Files</Filter>
    </ClCompile>
    <ClCompile Include="Source.cpp">
      <Filter>Source Files</Filter>
    </ClCompile>
    <ClCompile Include="Flocking.cpp">
      <Filter>Source Files</Filter>
    </ClCompile>
    <ClCompile Include="ParticleSwarmOptimalization.cpp">
      <Filter>Source Files</Filter>
    </ClCompile>
    <ClCompile Include="functions.cpp">
      <Filter>Source Files</Filter>
    </ClCompile>
    <ClCompile Include="SimulatedAneaning.cpp">
      <Filter>Source Files</Filter>
    </ClCompile>
    <ClCompile Include="BatAlgorithm.cpp">
      <Filter>Source Files</Filter>
    </ClCompile>
    <ClCompile Include="BlackHolesAlgorithm.cpp">
      <Filter>Source Files</Filter>
    </ClCompile>
    <ClCompile Include="CauchyRandomNumbers.cpp">
      <Filter>Source Files</Filter>
    </ClCompile>
    <ClCompile Include="ChargedSystemSearch.cpp">
      <Filter>Source Files</Filter>
    </ClCompile>
    <ClCompile Include="CuckooSearch.cpp">
      <Filter>Source Files</Filter>
    </ClCompile>
    <ClCompile Include="DifferentialEvolution.cpp">
      <Filter>Source Files</Filter>
    </ClCompile>
    <ClCompile Include="DrawFourGenerators.cpp">
      <Filter>Source Files</Filter>
    </ClCompile>
    <ClCompile Include="FireflyAlgorithm.cpp">
      <Filter>Source Files</Filter>
    </ClCompile>
    <ClCompile Include="GlowwormSwarmAlgorith.cpp">
      <Filter>Source Files</Filter>
    </ClCompile>
    <ClCompile Include="GrawitationalSearchAlgorithm.cpp">
      <Filter>Source Files</Filter>
    </ClCompile>
    <ClCompile Include="IntelligentWaterDrops.cpp">
      <Filter>Source Files</Filter>
    </ClCompile>
    <ClCompile Include="PSO.cpp">
      <Filter>Source Files</Filter>
    </ClCompile>
    <ClCompile Include="RiverFormationDynamic.cpp">
      <Filter>Source Files</Filter>
    </ClCompile>
  </ItemGroup>
  <ItemGroup>
    <ClInclude Include="MyForm.h">
      <Filter>Source Files</Filter>
    </ClInclude>
    <ClInclude Include="FireflyAlgorithm.h">
      <Filter>Header Files</Filter>
    </ClInclude>
    <ClInclude Include="ChargedSystemSearch.h">
      <Filter>Header Files</Filter>
    </ClInclude>
    <ClInclude Include="optimalizationAlgorithms.h">
      <Filter>Header Files</Filter>
    </ClInclude>
    <ClInclude Include="Matrix.h">
      <Filter>Header Files</Filter>
    </ClInclude>
    <ClInclude Include="Boid.h">
      <Filter>Header Files</Filter>
    </ClInclude>
    <ClInclude Include="ParticleSwarmOptimalization.h">
      <Filter>Header Files</Filter>
    </ClInclude>
    <ClInclude Include="functions.h">
      <Filter>Header Files</Filter>
    </ClInclude>
    <ClInclude Include="UniformRandomNumbers.h">
      <Filter>Header Files</Filter>
    </ClInclude>
    <ClInclude Include="GaussRandomNumbers.h">
      <Filter>Header Files</Filter>
    </ClInclude>
    <ClInclude Include="CauchyRandomNumbers.h">
      <Filter>Header Files</Filter>
    </ClInclude>
    <ClInclude Include="LevyRandomNumbers.h">
      <Filter>Header Files</Filter>
    </ClInclude>
    <ClInclude Include="Flocking.h">
      <Filter>Header Files</Filter>
    </ClInclude>
    <ClInclude Include="GrawitationalSearchAlgorithm.h">
      <Filter>Header Files</Filter>
    </ClInclude>
    <ClInclude Include="BatAlgorithm.h">
      <Filter>Header Files</Filter>
    </ClInclude>
    <ClInclude Include="BlackHolesAlgorithm.h">
      <Filter>Header Files</Filter>
    </ClInclude>
    <ClInclude Include="CuckooSearch.h">
      <Filter>Header Files</Filter>
    </ClInclude>
    <ClInclude Include="DifferentialEvolution.h">
      <Filter>Header Files</Filter>
    </ClInclude>
    <ClInclude Include="DrawingClass.h">
      <Filter>Header Files</Filter>
    </ClInclude>
    <ClInclude Include="IntelligentWaterDrops.h">
      <Filter>Header Files</Filter>
    </ClInclude>
    <ClInclude Include="DrawGraph.h">
      <Filter>Header Files</Filter>
    </ClInclude>
    <ClInclude Include="Vertex.h">
      <Filter>Header Files</Filter>
    </ClInclude>
    <ClInclude Include="DrawFourGenerators.h">
      <Filter>Header Files</Filter>
    </ClInclude>
    <ClInclude Include="MyRandom.h">
      <Filter>Header Files</Filter>
    </ClInclude>
    <ClInclude Include="SimulatedAneaning.h">
      <Filter>Header Files</Filter>
    </ClInclude>
    <ClInclude Include="GenerateFucntionTexture.h">
      <Filter>Header Files</Filter>
    </ClInclude>
    <ClInclude Include="RiverFormationDynamic.h">
      <Filter>Header Files</Filter>
    </ClInclude>
    <ClInclude Include="PSO.h">
      <Filter>Header Files</Filter>
    </ClInclude>
    <ClInclude Include="GlowwormSwarmAlgorith.h">
      <Filter>Header Files</Filter>
    </ClInclude>
  </ItemGroup>
  <ItemGroup>
    <EmbeddedResource Include="MyForm.resx">
      <Filter>Resource Files</Filter>
    </EmbeddedResource>
  </ItemGroup>
</Project>